
Microsoft Visual Studio Solution File, Format Version 12.00
# Visual Studio 15
VisualStudioVersion = 15.0.28010.2016
MinimumVisualStudioVersion = 10.0.40219.1
Project("{888888A0-9F3D-457C-B088-3A5042F75D52}") = "Follower tracker", "Follower tracker\Follower tracker.pyproj", "{A23BB6F9-03F7-457C-BC01-B1CE2CA9D0F3}"
EndProject
Global
	GlobalSection(SolutionConfigurationPlatforms) = preSolution
		Debug|Any CPU = Debug|Any CPU
		Release|Any CPU = Release|Any CPU
	EndGlobalSection
	GlobalSection(ProjectConfigurationPlatforms) = postSolution
		{A23BB6F9-03F7-457C-BC01-B1CE2CA9D0F3}.Debug|Any CPU.ActiveCfg = Debug|Any CPU
		{A23BB6F9-03F7-457C-BC01-B1CE2CA9D0F3}.Release|Any CPU.ActiveCfg = Release|Any CPU
	EndGlobalSection
	GlobalSection(SolutionProperties) = preSolution
		HideSolutionNode = FALSE
	EndGlobalSection
	GlobalSection(ExtensibilityGlobals) = postSolution
		SolutionGuid = {6D9C6B29-41A3-4ABE-BBFE-7FFFEB00E3AB}
	EndGlobalSection
EndGlobal
